<?xml version="1.0" encoding="utf-8"?>
<Project ToolsVersion="4.0" xmlns="http://schemas.microsoft.com/developer/msbuild/2003">
  <ItemGroup>
    <Filter Include="Source Files">
      <UniqueIdentifier>{4FC737F1-C7A5-4376-A066-2A32D752A2FF}</UniqueIdentifier>
      <Extensions>cpp;c;cc;cxx;def;odl;idl;hpj;bat;asm;asmx</Extensions>
    </Filter>
    <Filter Include="Source Files\World">
      <UniqueIdentifier>{0415bc7c-a2a3-43d3-ad92-bbe4b1839a96}</UniqueIdentifier>
    </Filter>
    <Filter Include="Source Files\Math">
      <UniqueIdentifier>{42ee4db3-6582-4279-b571-79f143940b28}</UniqueIdentifier>
    </Filter>
    <Filter Include="Source Files\Math\vec">
      <UniqueIdentifier>{0477412c-e50e-4aa5-bc49-30cf14c07a7b}</UniqueIdentifier>
    </Filter>
    <Filter Include="Source Files\Engine">
      <UniqueIdentifier>{e2c55f6c-b1f6-44ab-88cc-f8979d67c8e3}</UniqueIdentifier>
    </Filter>
    <Filter Include="Source Files\Engine\1 Input">
      <UniqueIdentifier>{fc3016a2-730b-45d8-868c-13848fbbf9a2}</UniqueIdentifier>
    </Filter>
    <Filter Include="Source Files\Engine\2 Game">
      <UniqueIdentifier>{ed155711-04ec-46ea-a010-514276dd82b4}</UniqueIdentifier>
    </Filter>
    <Filter Include="Source Files\Engine\3 Rend">
      <UniqueIdentifier>{18b7040b-ddb1-4967-9433-50ae632ba5ef}</UniqueIdentifier>
    </Filter>
    <Filter Include="Source Files\Engine\4 Time">
      <UniqueIdentifier>{0aec8a4d-0637-43c9-8085-1b4664222c28}</UniqueIdentifier>
    </Filter>
    <Filter Include="Source Files\Rendering">
      <UniqueIdentifier>{d1c4faec-f0ad-4658-8a13-4a395b5a87cd}</UniqueIdentifier>
    </Filter>
    <Filter Include="Source Files\Components">
      <UniqueIdentifier>{9e18cad6-88bd-4f34-be7c-5266728adb29}</UniqueIdentifier>
    </Filter>
  </ItemGroup>
  <ItemGroup>
    <ClCompile Include="main.cpp">
      <Filter>Source Files</Filter>
    </ClCompile>
    <ClCompile Include="engine.cpp">
      <Filter>Source Files\Engine</Filter>
    </ClCompile>
    <ClCompile Include="engine_render.cpp">
      <Filter>Source Files\Engine\3 Rend</Filter>
    </ClCompile>
    <ClCompile Include="engine_input.cpp">
      <Filter>Source Files\Engine\1 Input</Filter>
    </ClCompile>
    <ClCompile Include="engine_game.cpp">
      <Filter>Source Files\Engine\2 Game</Filter>
    </ClCompile>
    <ClCompile Include="stasis.cpp">
      <Filter>Source Files\Engine\4 Time</Filter>
    </ClCompile>
    <ClCompile Include="world.cpp">
      <Filter>Source Files\World</Filter>
    </ClCompile>
    <ClCompile Include="vec.cpp">
      <Filter>Source Files\Math</Filter>
    </ClCompile>
  </ItemGroup>
  <ItemGroup>
    <ClInclude Include="engine.h">
      <Filter>Source Files\Engine</Filter>
    </ClInclude>
    <ClInclude Include="engine_render.h">
      <Filter>Source Files\Engine\3 Rend</Filter>
    </ClInclude>
    <ClInclude Include="engine_input.h">
      <Filter>Source Files\Engine\1 Input</Filter>
    </ClInclude>
    <ClInclude Include="engine_game.h">
      <Filter>Source Files\Engine\2 Game</Filter>
    </ClInclude>
    <ClInclude Include="stasis.h">
      <Filter>Source Files\Engine\4 Time</Filter>
    </ClInclude>
    <ClInclude Include="vec.h">
      <Filter>Source Files\Math</Filter>
    </ClInclude>
    <ClInclude Include="pi.h">
      <Filter>Source Files\Math</Filter>
    </ClInclude>
    <ClInclude Include="world.h">
      <Filter>Source Files\World</Filter>
    </ClInclude>
    <ClInclude Include="behaviour.h">
      <Filter>Source Files\Components</Filter>
    </ClInclude>
    <ClInclude Include="transform.h">
      <Filter>Source Files\Components</Filter>
    </ClInclude>
    <ClInclude Include="sprite_renderer.h">
      <Filter>Source Files\Components</Filter>
    </ClInclude>
    <ClInclude Include="gameobject.h">
      <Filter>Source Files\Components</Filter>
    </ClInclude>
    <ClInclude Include="color.h">
      <Filter>Source Files\Rendering</Filter>
    </ClInclude>
    <ClInclude Include="oval_renderer.h">
      <Filter>Source Files\Components</Filter>
    </ClInclude>
    <ClInclude Include="rect_renderer.h">
      <Filter>Source Files\Components</Filter>
    </ClInclude>
  </ItemGroup>
</Project>