<?xml version="1.0" encoding="utf-8"?>
<Project ToolsVersion="4.0" xmlns="http://schemas.microsoft.com/developer/msbuild/2003">
  <ItemGroup>
    <Filter Include="Source Files">
      <UniqueIdentifier>{4FC737F1-C7A5-4376-A066-2A32D752A2FF}</UniqueIdentifier>
      <Extensions>cpp;c;cc;cxx;def;odl;idl;hpj;bat;asm;asmx</Extensions>
    </Filter>
    <Filter Include="Source Files\Math">
      <UniqueIdentifier>{42ee4db3-6582-4279-b571-79f143940b28}</UniqueIdentifier>
    </Filter>
    <Filter Include="Source Files\Math\vec">
      <UniqueIdentifier>{0477412c-e50e-4aa5-bc49-30cf14c07a7b}</UniqueIdentifier>
    </Filter>
    <Filter Include="Source Files\Engine">
      <UniqueIdentifier>{e2c55f6c-b1f6-44ab-88cc-f8979d67c8e3}</UniqueIdentifier>
    </Filter>
    <Filter Include="Source Files\Engine\1 Input">
      <UniqueIdentifier>{fc3016a2-730b-45d8-868c-13848fbbf9a2}</UniqueIdentifier>
    </Filter>
    <Filter Include="Source Files\Engine\2 Game">
      <UniqueIdentifier>{ed155711-04ec-46ea-a010-514276dd82b4}</UniqueIdentifier>
    </Filter>
    <Filter Include="Source Files\Engine\3 Rend">
      <UniqueIdentifier>{18b7040b-ddb1-4967-9433-50ae632ba5ef}</UniqueIdentifier>
    </Filter>
    <Filter Include="Source Files\Engine\4 Time">
      <UniqueIdentifier>{0aec8a4d-0637-43c9-8085-1b4664222c28}</UniqueIdentifier>
    </Filter>
    <Filter Include="Source Files\Rendering">
      <UniqueIdentifier>{d1c4faec-f0ad-4658-8a13-4a395b5a87cd}</UniqueIdentifier>
    </Filter>
    <Filter Include="Source Files\Scene">
      <UniqueIdentifier>{0415bc7c-a2a3-43d3-ad92-bbe4b1839a96}</UniqueIdentifier>
    </Filter>
    <Filter Include="Source Files\ECS">
      <UniqueIdentifier>{c06a32cc-9f24-4c08-a16e-2e8358511b19}</UniqueIdentifier>
    </Filter>
    <Filter Include="Source Files\ECS\Entity">
      <UniqueIdentifier>{a2475e22-ac80-4bef-ab39-e0d39b3ba68e}</UniqueIdentifier>
    </Filter>
    <Filter Include="Source Files\ECS\Components">
      <UniqueIdentifier>{9e18cad6-88bd-4f34-be7c-5266728adb29}</UniqueIdentifier>
    </Filter>
    <Filter Include="Source Files\ECS\Behaviour">
      <UniqueIdentifier>{fd27c85e-a075-41e0-8d0b-a67c0a863ef5}</UniqueIdentifier>
    </Filter>
    <Filter Include="Source Files\ECS\Systems">
      <UniqueIdentifier>{1c5211fc-09d3-4fba-819d-5f829f72b59c}</UniqueIdentifier>
    </Filter>
    <Filter Include="Source Files\Physics">
      <UniqueIdentifier>{7b94a7b8-fbc6-4371-ab71-d32a942bfc52}</UniqueIdentifier>
    </Filter>
  </ItemGroup>
  <ItemGroup>
    <ClCompile Include="main.cpp">
      <Filter>Source Files</Filter>
    </ClCompile>
    <ClCompile Include="engine.cpp">
      <Filter>Source Files\Engine</Filter>
    </ClCompile>
    <ClCompile Include="engine_render.cpp">
      <Filter>Source Files\Engine\3 Rend</Filter>
    </ClCompile>
    <ClCompile Include="engine_input.cpp">
      <Filter>Source Files\Engine\1 Input</Filter>
    </ClCompile>
    <ClCompile Include="engine_game.cpp">
      <Filter>Source Files\Engine\2 Game</Filter>
    </ClCompile>
    <ClCompile Include="stasis.cpp">
      <Filter>Source Files\Engine\4 Time</Filter>
    </ClCompile>
    <ClCompile Include="vec.cpp">
      <Filter>Source Files\Math</Filter>
    </ClCompile>
    <ClCompile Include="entity.cpp">
      <Filter>Source Files\ECS\Entity</Filter>
    </ClCompile>
    <ClCompile Include="scene.cpp">
      <Filter>Source Files\Scene</Filter>
    </ClCompile>
    <ClCompile Include="behaviour.cpp">
      <Filter>Source Files\ECS\Behaviour</Filter>
    </ClCompile>
    <ClCompile Include="sprite_loader.cpp">
      <Filter>Source Files\Rendering</Filter>
    </ClCompile>
    <ClCompile Include="sys_player.cpp">
      <Filter>Source Files\ECS\Systems</Filter>
    </ClCompile>
    <ClCompile Include="sys_bullet.cpp">
      <Filter>Source Files\ECS\Systems</Filter>
    </ClCompile>
    <ClCompile Include="sys_enemy.cpp">
      <Filter>Source Files\ECS\Systems</Filter>
    </ClCompile>
    <ClCompile Include="sys_physics.cpp">
      <Filter>Source Files\ECS\Systems</Filter>
    </ClCompile>
  </ItemGroup>
  <ItemGroup>
    <ClInclude Include="engine.h">
      <Filter>Source Files\Engine</Filter>
    </ClInclude>
    <ClInclude Include="engine_render.h">
      <Filter>Source Files\Engine\3 Rend</Filter>
    </ClInclude>
    <ClInclude Include="engine_input.h">
      <Filter>Source Files\Engine\1 Input</Filter>
    </ClInclude>
    <ClInclude Include="engine_game.h">
      <Filter>Source Files\Engine\2 Game</Filter>
    </ClInclude>
    <ClInclude Include="stasis.h">
      <Filter>Source Files\Engine\4 Time</Filter>
    </ClInclude>
    <ClInclude Include="vec.h">
      <Filter>Source Files\Math</Filter>
    </ClInclude>
    <ClInclude Include="pi.h">
      <Filter>Source Files\Math</Filter>
    </ClInclude>
    <ClInclude Include="transform.h">
      <Filter>Source Files\ECS\Components</Filter>
    </ClInclude>
    <ClInclude Include="sprite_renderer.h">
      <Filter>Source Files\ECS\Components</Filter>
    </ClInclude>
    <ClInclude Include="gameobject.h">
      <Filter>Source Files\ECS\Components</Filter>
    </ClInclude>
    <ClInclude Include="color.h">
      <Filter>Source Files\Rendering</Filter>
    </ClInclude>
    <ClInclude Include="oval_renderer.h">
      <Filter>Source Files\ECS\Components</Filter>
    </ClInclude>
    <ClInclude Include="rect_renderer.h">
      <Filter>Source Files\ECS\Components</Filter>
    </ClInclude>
    <ClInclude Include="entity.h">
      <Filter>Source Files\ECS\Entity</Filter>
    </ClInclude>
    <ClInclude Include="camera.h">
      <Filter>Source Files\ECS\Components</Filter>
    </ClInclude>
    <ClInclude Include="scene.h">
      <Filter>Source Files\Scene</Filter>
    </ClInclude>
    <ClInclude Include="behaviour.h">
      <Filter>Source Files\ECS\Behaviour</Filter>
    </ClInclude>
    <ClInclude Include="sprite_loader.h">
      <Filter>Source Files\Rendering</Filter>
    </ClInclude>
    <ClInclude Include="sprite.h">
      <Filter>Source Files\Rendering</Filter>
    </ClInclude>
    <ClInclude Include="sys_player.h">
      <Filter>Source Files\ECS\Systems</Filter>
    </ClInclude>
    <ClInclude Include="sys_enemy.h">
      <Filter>Source Files\ECS\Systems</Filter>
    </ClInclude>
    <ClInclude Include="sys_bullet.h">
      <Filter>Source Files\ECS\Systems</Filter>
    </ClInclude>
    <ClInclude Include="bullet.h">
      <Filter>Source Files\ECS\Components</Filter>
    </ClInclude>
    <ClInclude Include="sys_physics.h">
      <Filter>Source Files\ECS\Systems</Filter>
    </ClInclude>
    <ClInclude Include="collider.h">
      <Filter>Source Files\ECS\Components</Filter>
    </ClInclude>
    <ClInclude Include="rigidbody.h">
      <Filter>Source Files\ECS\Components</Filter>
    </ClInclude>
    <ClInclude Include="collision_behaviour.h">
      <Filter>Source Files\ECS\Behaviour</Filter>
    </ClInclude>
    <ClInclude Include="player.h">
      <Filter>Source Files\ECS\Components</Filter>
    </ClInclude>
  </ItemGroup>
</Project>