<?xml version="1.0" encoding="utf-8"?>
<Project ToolsVersion="4.0" xmlns="http://schemas.microsoft.com/developer/msbuild/2003">
  <ItemGroup>
    <Filter Include="Resource Files">
      <UniqueIdentifier>{67DA6AB6-F800-4c08-8B7A-83BB121AAD01}</UniqueIdentifier>
      <Extensions>rc;ico;cur;bmp;dlg;rc2;rct;bin;rgs;gif;jpg;jpeg;jpe;resx;tiff;tif;png;wav;mfcribbon-ms</Extensions>
    </Filter>
    <Filter Include="Resource Files\Entity">
      <UniqueIdentifier>{9b18fff6-9af8-4cd9-b66c-e700569a3671}</UniqueIdentifier>
    </Filter>
    <Filter Include="Resource Files\Enums">
      <UniqueIdentifier>{c3ef12a1-2a06-44a4-acde-5560fc4dafe7}</UniqueIdentifier>
    </Filter>
  </ItemGroup>
  <ItemGroup>
    <ClCompile Include="Entity.cpp">
      <Filter>Resource Files\Entity</Filter>
    </ClCompile>
    <ClCompile Include="Console.cpp">
      <Filter>Resource Files</Filter>
    </ClCompile>
    <ClCompile Include="Main.cpp">
      <Filter>Resource Files</Filter>
    </ClCompile>
  </ItemGroup>
  <ItemGroup>
    <ClInclude Include="Entity.h">
      <Filter>Resource Files\Entity</Filter>
    </ClInclude>
    <ClInclude Include="Console.h">
      <Filter>Resource Files</Filter>
    </ClInclude>
    <ClInclude Include="EEntityType.h">
      <Filter>Resource Files\Enums</Filter>
    </ClInclude>
  </ItemGroup>
</Project>